
Microsoft Visual Studio Solution File, Format Version 12.00
# Visual Studio Version 17
VisualStudioVersion = 17.9.34723.18
MinimumVisualStudioVersion = 10.0.40219.1
Project("{FAE04EC0-301F-11D3-BF4B-00C04F79EFBC}") = "PlooshLauncher", "PlooshLauncher.csproj", "{E34BEBA5-9C2E-4679-8A14-E36CB9DA72F4}"
EndProject
Global
	GlobalSection(SolutionConfigurationPlatforms) = preSolution
		Debug|Any CPU = Debug|Any CPU
		Release|Any CPU = Release|Any CPU
	EndGlobalSection
	GlobalSection(ProjectConfigurationPlatforms) = postSolution
		{E34BEBA5-9C2E-4679-8A14-E36CB9DA72F4}.Debug|Any CPU.ActiveCfg = Debug|Any CPU
		{E34BEBA5-9C2E-4679-8A14-E36CB9DA72F4}.Debug|Any CPU.Build.0 = Debug|Any CPU
		{E34BEBA5-9C2E-4679-8A14-E36CB9DA72F4}.Release|Any CPU.ActiveCfg = Release|Any CPU
		{E34BEBA5-9C2E-4679-8A14-E36CB9DA72F4}.Release|Any CPU.Build.0 = Release|Any CPU
	EndGlobalSection
	GlobalSection(SolutionProperties) = preSolution
		HideSolutionNode = FALSE
	EndGlobalSection
	GlobalSection(ExtensibilityGlobals) = postSolution
		SolutionGuid = {C2F6EB10-A16B-4A02-B042-A2D362FD79B8}
	EndGlobalSection
EndGlobal
